
Microsoft Visual Studio Solution File, Format Version 12.00
# Visual Studio Version 17
VisualStudioVersion = 17.6.33829.357
MinimumVisualStudioVersion = 10.0.40219.1
Project("{FAE04EC0-301F-11D3-BF4B-00C04F79EFBC}") = "Assignment_3", "Assignment_3.csproj", "{3F87078F-9E9F-48A4-84E6-BA4E2C7CDE4F}"
EndProject
Global
	GlobalSection(SolutionConfigurationPlatforms) = preSolution
		Debug|Any CPU = Debug|Any CPU
		Release|Any CPU = Release|Any CPU
	EndGlobalSection
	GlobalSection(ProjectConfigurationPlatforms) = postSolution
		{3F87078F-9E9F-48A4-84E6-BA4E2C7CDE4F}.Debug|Any CPU.ActiveCfg = Debug|Any CPU
		{3F87078F-9E9F-48A4-84E6-BA4E2C7CDE4F}.Debug|Any CPU.Build.0 = Debug|Any CPU
		{3F87078F-9E9F-48A4-84E6-BA4E2C7CDE4F}.Release|Any CPU.ActiveCfg = Release|Any CPU
		{3F87078F-9E9F-48A4-84E6-BA4E2C7CDE4F}.Release|Any CPU.Build.0 = Release|Any CPU
	EndGlobalSection
	GlobalSection(SolutionProperties) = preSolution
		HideSolutionNode = FALSE
	EndGlobalSection
	GlobalSection(ExtensibilityGlobals) = postSolution
		SolutionGuid = {1DF911FB-8370-4013-A820-6BE8A77F4064}
	EndGlobalSection
EndGlobal
